
Microsoft Visual Studio Solution File, Format Version 12.00
# Visual Studio Version 16
VisualStudioVersion = 25.0.1703.6
MinimumVisualStudioVersion = 10.0.40219.1
Project("{FAE04EC0-301F-11D3-BF4B-00C04F79EFBC}") = "DapperDemoMac", "DapperDemoMac\DapperDemoMac.csproj", "{839A4B5D-A2C0-470A-86C2-FD40E749F7B6}"
EndProject
Global
	GlobalSection(SolutionConfigurationPlatforms) = preSolution
		Debug|Any CPU = Debug|Any CPU
		Release|Any CPU = Release|Any CPU
	EndGlobalSection
	GlobalSection(ProjectConfigurationPlatforms) = postSolution
		{839A4B5D-A2C0-470A-86C2-FD40E749F7B6}.Debug|Any CPU.ActiveCfg = Debug|Any CPU
		{839A4B5D-A2C0-470A-86C2-FD40E749F7B6}.Debug|Any CPU.Build.0 = Debug|Any CPU
		{839A4B5D-A2C0-470A-86C2-FD40E749F7B6}.Release|Any CPU.ActiveCfg = Release|Any CPU
		{839A4B5D-A2C0-470A-86C2-FD40E749F7B6}.Release|Any CPU.Build.0 = Release|Any CPU
	EndGlobalSection
	GlobalSection(SolutionProperties) = preSolution
		HideSolutionNode = FALSE
	EndGlobalSection
	GlobalSection(ExtensibilityGlobals) = postSolution
		SolutionGuid = {8035B4F4-0600-4F9F-B190-FD6E496B0BEA}
	EndGlobalSection
EndGlobal
